<?xml version="1.0" encoding="utf-8"?>
<Project ToolsVersion="4.0" xmlns="http://schemas.microsoft.com/developer/msbuild/2003">
  <ItemGroup>
    <Filter Include="Source Files">
      <UniqueIdentifier>{4FC737F1-C7A5-4376-A066-2A32D752A2FF}</UniqueIdentifier>
      <Extensions>cpp;c;cc;cxx;c++;cppm;ixx;def;odl;idl;hpj;bat;asm;asmx</Extensions>
    </Filter>
    <Filter Include="Header Files">
      <UniqueIdentifier>{93995380-89BD-4b04-88EB-625FBE52EBFB}</UniqueIdentifier>
      <Extensions>h;hh;hpp;hxx;h++;hm;inl;inc;ipp;xsd</Extensions>
    </Filter>
    <Filter Include="Resource Files">
      <UniqueIdentifier>{67DA6AB6-F800-4c08-8B7A-83BB121AAD01}</UniqueIdentifier>
      <Extensions>rc;ico;cur;bmp;dlg;rc2;rct;bin;rgs;gif;jpg;jpeg;jpe;resx;tiff;tif;png;wav;mfcribbon-ms</Extensions>
    </Filter>
    <Filter Include="Source Files\Libs">
      <UniqueIdentifier>{996b8ce9-5067-46d3-9b65-0489e6289c0b}</UniqueIdentifier>
    </Filter>
    <Filter Include="Source Files\Utils">
      <UniqueIdentifier>{beb1a6fc-ecad-45ba-873f-74768cd8d0b4}</UniqueIdentifier>
    </Filter>
    <Filter Include="Source Files\Game">
      <UniqueIdentifier>{44e313c6-ac24-48cd-adc1-7f960532e678}</UniqueIdentifier>
    </Filter>
    <Filter Include="Source Files\Utils\Files">
      <UniqueIdentifier>{df9fc2c2-1081-4eed-a1db-6aaeab3e18bc}</UniqueIdentifier>
    </Filter>
    <Filter Include="Source Files\Utils\Clock">
      <UniqueIdentifier>{a62ca475-837d-4eb8-8fed-1751b6518d8c}</UniqueIdentifier>
    </Filter>
    <Filter Include="Source Files\Libs\IMGUI">
      <UniqueIdentifier>{500d3925-3bea-4da2-bd22-0345e0e3a785}</UniqueIdentifier>
    </Filter>
    <Filter Include="Source Files\Libs\IMGUI\OpenGl">
      <UniqueIdentifier>{681c1230-e934-48a4-80e4-0eec38f1174c}</UniqueIdentifier>
    </Filter>
    <Filter Include="Source Files\Game\Maze">
      <UniqueIdentifier>{6bb04a54-0cad-45df-9fae-908482cb61e7}</UniqueIdentifier>
    </Filter>
    <Filter Include="Source Files\Utils\Commands">
      <UniqueIdentifier>{1e328f22-7624-48c1-813d-4fc192f73e6e}</UniqueIdentifier>
    </Filter>
    <Filter Include="Source Files\Utils\Logger">
      <UniqueIdentifier>{5932c580-124e-4eec-a2f4-80ac1e28a80c}</UniqueIdentifier>
    </Filter>
    <Filter Include="Source Files\Utils\Settings">
      <UniqueIdentifier>{9ad962b9-e469-4307-a610-0224068cac80}</UniqueIdentifier>
    </Filter>
    <Filter Include="Source Files\Game\Scripting">
      <UniqueIdentifier>{1fc1871b-da24-4b5c-aedb-e34de6b9134a}</UniqueIdentifier>
    </Filter>
    <Filter Include="Source Files\Game\Scripting\Sync">
      <UniqueIdentifier>{34ce6a3b-8d10-40e7-a068-009b71bb66c0}</UniqueIdentifier>
    </Filter>
    <Filter Include="Source Files\Game\Scripting\Manager">
      <UniqueIdentifier>{83e19106-b635-432c-a976-554a04a073b2}</UniqueIdentifier>
    </Filter>
    <Filter Include="Source Files\Game\Scripting\Manager\Ped">
      <UniqueIdentifier>{deec8922-c35a-4a59-947e-c7eebac4a8d2}</UniqueIdentifier>
    </Filter>
    <Filter Include="Source Files\Game\Scripting\Manager\Player">
      <UniqueIdentifier>{6039c797-fcb7-492a-a71a-0a6085093a77}</UniqueIdentifier>
    </Filter>
    <Filter Include="Source Files\Tools">
      <UniqueIdentifier>{bec8b3dc-09d4-4d0c-9117-73645c995c6e}</UniqueIdentifier>
    </Filter>
    <Filter Include="Source Files\Tools\UI">
      <UniqueIdentifier>{cdc04775-bcc3-46d6-82fa-a6d0c95fdffe}</UniqueIdentifier>
    </Filter>
    <Filter Include="Source Files\Tools\UI\Editor">
      <UniqueIdentifier>{6b101b05-937a-42f6-bb1c-a87baa4dee3b}</UniqueIdentifier>
    </Filter>
    <Filter Include="Source Files\Tools\UI\Editor\Lights">
      <UniqueIdentifier>{4dda0681-db9a-46b9-a63a-0590ebe0e7cf}</UniqueIdentifier>
    </Filter>
    <Filter Include="Source Files\Tools\UI\Editor\Objects">
      <UniqueIdentifier>{8e867d6d-54e1-4d93-be0f-dbb5f26d0ebd}</UniqueIdentifier>
    </Filter>
    <Filter Include="Source Files\Tools\UI\Editor\Animation">
      <UniqueIdentifier>{c0f54fb7-601c-491c-8bc0-6c1115570339}</UniqueIdentifier>
    </Filter>
    <Filter Include="Source Files\Engines">
      <UniqueIdentifier>{44d0a3ce-4785-4d63-bdd0-72ac6d68e2d1}</UniqueIdentifier>
    </Filter>
    <Filter Include="Source Files\Engines\Network">
      <UniqueIdentifier>{0c8dd573-4847-4ac7-9bda-2889b0ce26f7}</UniqueIdentifier>
    </Filter>
    <Filter Include="Source Files\Engines\Network\Reading">
      <UniqueIdentifier>{6614a0de-4826-40ab-9efa-34e6f97f4466}</UniqueIdentifier>
    </Filter>
    <Filter Include="Source Files\Engines\Audio">
      <UniqueIdentifier>{268709e6-c977-4f7b-a188-e2b11ca9e3b3}</UniqueIdentifier>
    </Filter>
    <Filter Include="Source Files\Engines\Physics">
      <UniqueIdentifier>{96d9d9e9-b55e-456c-9308-1ce73694dd9d}</UniqueIdentifier>
    </Filter>
    <Filter Include="Source Files\Engines\Physics\Bounds">
      <UniqueIdentifier>{a51fe32a-561d-40a9-ac97-7b4fa92ff62c}</UniqueIdentifier>
    </Filter>
    <Filter Include="Source Files\Engines\Physics\Collisions">
      <UniqueIdentifier>{8a0e5052-3f3e-4d2a-9cf9-ddd10c3f2192}</UniqueIdentifier>
    </Filter>
    <Filter Include="Source Files\Engines\Rendering">
      <UniqueIdentifier>{e59d9e5b-44d7-4a50-a762-07075062fc11}</UniqueIdentifier>
    </Filter>
    <Filter Include="Source Files\Engines\Rendering\Drawables">
      <UniqueIdentifier>{6276a9f5-9edd-42fa-a1db-0cf4995c2fa5}</UniqueIdentifier>
    </Filter>
    <Filter Include="Source Files\Engines\Rendering\Visual">
      <UniqueIdentifier>{30ec2660-1e08-4ae9-9aad-645bb84398cb}</UniqueIdentifier>
    </Filter>
    <Filter Include="Source Files\Engines\Rendering\Visual\Shader">
      <UniqueIdentifier>{37233fd0-0092-47c7-9187-2ac690ae37ec}</UniqueIdentifier>
    </Filter>
    <Filter Include="Source Files\Engines\Rendering\Visual\Texture">
      <UniqueIdentifier>{c7c7455a-7d5c-4849-b6b6-ad273aa657de}</UniqueIdentifier>
    </Filter>
    <Filter Include="Source Files\Engines\Rendering\Data">
      <UniqueIdentifier>{408b492b-d28c-4981-a08e-f6d07575d0e1}</UniqueIdentifier>
    </Filter>
    <Filter Include="Source Files\Engines\Rendering\RayCasting">
      <UniqueIdentifier>{eeea14ed-a0b5-4469-b611-a4b34155d2f5}</UniqueIdentifier>
    </Filter>
    <Filter Include="Source Files\Engines\Rendering\Scene">
      <UniqueIdentifier>{cdf5196c-c524-4f4d-9e94-752bbc20ed42}</UniqueIdentifier>
    </Filter>
    <Filter Include="Source Files\Engines\Rendering\Scene\World">
      <UniqueIdentifier>{50147a87-9106-4661-8a2d-d9d99144fe86}</UniqueIdentifier>
    </Filter>
    <Filter Include="Source Files\Engines\Rendering\Crosshair">
      <UniqueIdentifier>{7c2fecb1-7442-481e-bbca-9d636fa0fc3c}</UniqueIdentifier>
    </Filter>
    <Filter Include="Source Files\Engines\Rendering\Blocks">
      <UniqueIdentifier>{61b29eda-86d2-468b-8842-64cca62f238c}</UniqueIdentifier>
    </Filter>
    <Filter Include="Source Files\Engines\Rendering\Blocks\Classes">
      <UniqueIdentifier>{61682fc7-5654-4a5a-945d-0dfacbe524ef}</UniqueIdentifier>
    </Filter>
    <Filter Include="Source Files\Engines\Rendering\Set">
      <UniqueIdentifier>{1d9f4203-3b73-4a7d-8723-015c578eff62}</UniqueIdentifier>
    </Filter>
    <Filter Include="Source Files\Engines\Rendering\Set\Classes">
      <UniqueIdentifier>{1bf93266-9c66-4a5e-ab79-482356e31152}</UniqueIdentifier>
    </Filter>
    <Filter Include="Source Files\Engines\Rendering\Set\Menu">
      <UniqueIdentifier>{a29cb63a-69b5-460c-a71d-17b155231d87}</UniqueIdentifier>
    </Filter>
    <Filter Include="Source Files\Engines\Rendering\Set\Animation">
      <UniqueIdentifier>{5671aec9-66d8-4292-8345-291bced397b9}</UniqueIdentifier>
    </Filter>
    <Filter Include="Source Files\Engines\Rendering\Graphics components">
      <UniqueIdentifier>{0dca8719-eb90-49e6-8659-d537b14d2ad9}</UniqueIdentifier>
    </Filter>
    <Filter Include="Source Files\Engines\Rendering\Graphics components\SSAO">
      <UniqueIdentifier>{f1dd51a7-531a-44ca-902a-d11d8dc8a8d9}</UniqueIdentifier>
    </Filter>
    <Filter Include="Source Files\Engines\Rendering\Graphics components\Deferred Shading">
      <UniqueIdentifier>{c1c7c516-d26d-4fbc-a008-f22a427e4b1e}</UniqueIdentifier>
    </Filter>
    <Filter Include="Source Files\Engines\Rendering\Graphics components\Skybox">
      <UniqueIdentifier>{7d258442-2a95-421b-a21f-21ae18141b58}</UniqueIdentifier>
    </Filter>
    <Filter Include="Source Files\Game\Scripting\Manager\Monster">
      <UniqueIdentifier>{25350a0b-551d-4e48-a300-8c82bad0a791}</UniqueIdentifier>
    </Filter>
    <Filter Include="Source Files\Game\Scripting\LoadingScreen">
      <UniqueIdentifier>{224daf18-d8d5-4913-90e3-418afcb12e98}</UniqueIdentifier>
    </Filter>
    <Filter Include="Source Files\Engines\Rendering\Graphics components\Frustum">
      <UniqueIdentifier>{0ca1ee75-592c-4626-be29-e890bce5d820}</UniqueIdentifier>
    </Filter>
    <Filter Include="Source Files\Engines\Rendering\Visual\Lighting">
      <UniqueIdentifier>{f2b46df8-c80d-46cf-a244-f104b7ac42d1}</UniqueIdentifier>
    </Filter>
    <Filter Include="Source Files\Game\Scripting\Levels">
      <UniqueIdentifier>{684d8207-1a03-4c0c-99a8-cba8e3c17ae7}</UniqueIdentifier>
    </Filter>
    <Filter Include="Source Files\Game\Scripting\Interaction">
      <UniqueIdentifier>{5967bd4f-65f2-4f36-a3cc-2466fb62476e}</UniqueIdentifier>
    </Filter>
    <Filter Include="Source Files\Game\Scripting\Levels\Hospital">
      <UniqueIdentifier>{1b41de48-8d35-4927-85ab-a7cef2f2a6f1}</UniqueIdentifier>
    </Filter>
    <Filter Include="Source Files\Game\Scripting\Levels\Hospital\KeyPad">
      <UniqueIdentifier>{0d425235-ec70-4ef1-95d9-56586a134302}</UniqueIdentifier>
    </Filter>
    <Filter Include="Source Files\Game\Scripting\Interaction\GameObject">
      <UniqueIdentifier>{272d05af-2175-4424-aa10-f07259508773}</UniqueIdentifier>
    </Filter>
    <Filter Include="Source Files\Game\Scripting\Playtest">
      <UniqueIdentifier>{834c7aab-83d0-4aee-9eb2-e594c04f72d8}</UniqueIdentifier>
    </Filter>
    <Filter Include="Source Files\Game\Scripting\Ambiance">
      <UniqueIdentifier>{9ab24be5-f78b-4bb9-bc93-975035725d7a}</UniqueIdentifier>
    </Filter>
    <Filter Include="Source Files\Game\Scripting\Cheats">
      <UniqueIdentifier>{44364ef7-f5cf-4de7-a54e-a4d466950972}</UniqueIdentifier>
    </Filter>
    <Filter Include="Source Files\Game\Scripting\Levels\Hospital\Doors">
      <UniqueIdentifier>{99699975-a427-41c9-a546-fa9399896a7e}</UniqueIdentifier>
    </Filter>
    <Filter Include="Source Files\Game\Menu">
      <UniqueIdentifier>{1cba6c78-0a88-44c9-8576-da5da122852b}</UniqueIdentifier>
    </Filter>
    <Filter Include="Source Files\Game\Menu\Main">
      <UniqueIdentifier>{8202fc3c-40f2-4267-a5d7-e627892b777c}</UniqueIdentifier>
    </Filter>
    <Filter Include="Source Files\Game\Menu\Pause">
      <UniqueIdentifier>{6fd93dcc-8f5f-4397-b921-aa939bd7d12e}</UniqueIdentifier>
    </Filter>
    <Filter Include="Source Files\Game\Menu\Settings">
      <UniqueIdentifier>{af1ceeee-5d10-43e0-8dd1-fe0c84d2299f}</UniqueIdentifier>
    </Filter>
    <Filter Include="Source Files\Game\Scripting\Levels\Hospital\VictoryDefeat">
      <UniqueIdentifier>{10f753db-800f-4c57-91dd-26054838a485}</UniqueIdentifier>
    </Filter>
  </ItemGroup>
  <ItemGroup>
    <ClCompile Include="glad.c">
      <Filter>Source Files\Libs</Filter>
    </ClCompile>
    <ClCompile Include="Source.cpp">
      <Filter>Source Files</Filter>
    </ClCompile>
    <ClCompile Include="Shader.cpp">
      <Filter>Source Files\Engines\Rendering\Visual\Shader</Filter>
    </ClCompile>
    <ClCompile Include="Texture.cpp">
      <Filter>Source Files\Engines\Rendering\Visual\Texture</Filter>
    </ClCompile>
    <ClCompile Include="RayCasting.cpp">
      <Filter>Source Files\Engines\Rendering\RayCasting</Filter>
    </ClCompile>
    <ClCompile Include="Files.cpp">
      <Filter>Source Files\Utils\Files</Filter>
    </ClCompile>
    <ClCompile Include="Clock.cpp">
      <Filter>Source Files\Utils\Clock</Filter>
    </ClCompile>
    <ClCompile Include="Scene.cpp">
      <Filter>Source Files\Engines\Rendering\Scene</Filter>
    </ClCompile>
    <ClCompile Include="LightScene.cpp">
      <Filter>Source Files\Engines\Rendering\Scene\World</Filter>
    </ClCompile>
    <ClCompile Include="..\Libs\IMGUI\imgui.cpp">
      <Filter>Source Files\Libs\IMGUI</Filter>
    </ClCompile>
    <ClCompile Include="..\Libs\IMGUI\imgui_demo.cpp">
      <Filter>Source Files\Libs\IMGUI</Filter>
    </ClCompile>
    <ClCompile Include="..\Libs\IMGUI\imgui_draw.cpp">
      <Filter>Source Files\Libs\IMGUI</Filter>
    </ClCompile>
    <ClCompile Include="..\Libs\IMGUI\imgui_tables.cpp">
      <Filter>Source Files\Libs\IMGUI</Filter>
    </ClCompile>
    <ClCompile Include="..\Libs\IMGUI\imgui_widgets.cpp">
      <Filter>Source Files\Libs\IMGUI</Filter>
    </ClCompile>
    <ClCompile Include="..\Libs\IMGUI\backends\imgui_impl_glfw.cpp">
      <Filter>Source Files\Libs\IMGUI\OpenGl</Filter>
    </ClCompile>
    <ClCompile Include="..\Libs\IMGUI\backends\imgui_impl_opengl3.cpp">
      <Filter>Source Files\Libs\IMGUI\OpenGl</Filter>
    </ClCompile>
    <ClCompile Include="Editor.cpp">
      <Filter>Source Files\Tools\UI\Editor</Filter>
    </ClCompile>
    <ClCompile Include="WorldScene.cpp">
      <Filter>Source Files\Engines\Rendering\Scene\World</Filter>
    </ClCompile>
    <ClCompile Include="LightMenu.cpp">
      <Filter>Source Files\Tools\UI\Editor\Lights</Filter>
    </ClCompile>
    <ClCompile Include="ObjectsMenu.cpp">
      <Filter>Source Files\Tools\UI\Editor\Objects</Filter>
    </ClCompile>
    <ClCompile Include="Crosshair.cpp">
      <Filter>Source Files\Engines\Rendering\Crosshair</Filter>
    </ClCompile>
    <ClCompile Include="Maze.cpp">
      <Filter>Source Files\Game\Maze</Filter>
    </ClCompile>
    <ClCompile Include="Reading.cpp">
      <Filter>Source Files\Engines\Network\Reading</Filter>
    </ClCompile>
    <ClCompile Include="Connection.cpp">
      <Filter>Source Files\Engines\Network</Filter>
    </ClCompile>
    <ClCompile Include="Events.cpp">
      <Filter>Source Files\Engines\Network</Filter>
    </ClCompile>
    <ClCompile Include="Commands.cpp">
      <Filter>Source Files\Utils\Commands</Filter>
    </ClCompile>
    <ClCompile Include="Logger.cpp">
      <Filter>Source Files\Utils\Logger</Filter>
    </ClCompile>
    <ClCompile Include="Sync.cpp">
      <Filter>Source Files\Game\Scripting\Sync</Filter>
    </ClCompile>
    <ClCompile Include="Peds.cpp">
      <Filter>Source Files\Game\Scripting\Manager\Ped</Filter>
    </ClCompile>
    <ClCompile Include="Bounds.cpp">
      <Filter>Source Files\Engines\Physics\Bounds</Filter>
    </ClCompile>
    <ClCompile Include="Collisions.cpp">
      <Filter>Source Files\Engines\Physics\Collisions</Filter>
    </ClCompile>
    <ClCompile Include="Audio.cpp">
      <Filter>Source Files\Engines\Audio</Filter>
    </ClCompile>
    <ClCompile Include="Settings.cpp">
      <Filter>Source Files\Utils\Settings</Filter>
    </ClCompile>
    <ClCompile Include="Blocks.cpp">
      <Filter>Source Files\Engines\Rendering\Blocks</Filter>
    </ClCompile>
    <ClCompile Include="Block.cpp">
      <Filter>Source Files\Engines\Rendering\Blocks\Classes</Filter>
    </ClCompile>
    <ClCompile Include="BlockType.cpp">
      <Filter>Source Files\Engines\Rendering\Blocks\Classes</Filter>
    </ClCompile>
    <ClCompile Include="Set.cpp">
      <Filter>Source Files\Engines\Rendering\Set</Filter>
    </ClCompile>
    <ClCompile Include="SetClass.cpp">
      <Filter>Source Files\Engines\Rendering\Set\Classes</Filter>
    </ClCompile>
    <ClCompile Include="SetMenu.cpp">
      <Filter>Source Files\Engines\Rendering\Set\Menu</Filter>
    </ClCompile>
    <ClCompile Include="Inventory.cpp">
      <Filter>Source Files\Tools\UI</Filter>
    </ClCompile>
    <ClCompile Include="GhostBlocks.cpp">
      <Filter>Source Files\Engines\Rendering\Blocks</Filter>
    </ClCompile>
    <ClCompile Include="Instance.cpp">
      <Filter>Source Files\Engines\Rendering\Blocks\Classes</Filter>
    </ClCompile>
    <ClCompile Include="SSAO.cpp">
      <Filter>Source Files\Engines\Rendering\Graphics components\SSAO</Filter>
    </ClCompile>
    <ClCompile Include="AnimationUI.cpp">
      <Filter>Source Files\Tools\UI\Editor\Animation</Filter>
    </ClCompile>
    <ClCompile Include="DeferredShading.cpp">
      <Filter>Source Files\Engines\Rendering\Graphics components\Deferred Shading</Filter>
    </ClCompile>
    <ClCompile Include="Physics.cpp">
      <Filter>Source Files\Engines\Physics</Filter>
    </ClCompile>
    <ClCompile Include="Animation.cpp">
      <Filter>Source Files\Engines\Rendering\Set\Animation</Filter>
    </ClCompile>
    <ClCompile Include="Scripting.cpp">
      <Filter>Source Files\Game\Scripting</Filter>
    </ClCompile>
    <ClCompile Include="Player.cpp">
      <Filter>Source Files\Game\Scripting\Manager\Player</Filter>
    </ClCompile>
    <ClCompile Include="Skybox.cpp">
      <Filter>Source Files\Engines\Rendering\Graphics components\Skybox</Filter>
    </ClCompile>
    <ClCompile Include="Tools.cpp">
      <Filter>Source Files\Tools</Filter>
    </ClCompile>
    <ClCompile Include="Props.cpp">
      <Filter>Source Files\Game\Maze</Filter>
    </ClCompile>
    <ClCompile Include="Monster.cpp">
      <Filter>Source Files\Game\Scripting\Manager\Monster</Filter>
    </ClCompile>
    <ClCompile Include="LoadingScreen.cpp">
      <Filter>Source Files\Game\Scripting\LoadingScreen</Filter>
    </ClCompile>
    <ClCompile Include="FrustumCulling.cpp">
      <Filter>Source Files\Engines\Rendering\Graphics components\Frustum</Filter>
    </ClCompile>
    <ClCompile Include="Lighting.cpp">
      <Filter>Source Files\Engines\Rendering\Visual\Lighting</Filter>
    </ClCompile>
    <ClCompile Include="MapManager.cpp">
      <Filter>Source Files\Game\Maze</Filter>
    </ClCompile>
    <ClCompile Include="Interaction.cpp">
      <Filter>Source Files\Game\Scripting\Interaction</Filter>
    </ClCompile>
    <ClCompile Include="Hospital.cpp">
      <Filter>Source Files\Game\Scripting\Levels\Hospital</Filter>
    </ClCompile>
    <ClCompile Include="KeyPad.cpp">
      <Filter>Source Files\Game\Scripting\Levels\Hospital\KeyPad</Filter>
    </ClCompile>
    <ClCompile Include="GameObject.cpp">
      <Filter>Source Files\Game\Scripting\Interaction\GameObject</Filter>
    </ClCompile>
    <ClCompile Include="MainMenu.cpp">
      <Filter>Source Files\Game\Menu\Main</Filter>
    </ClCompile>
    <ClCompile Include="PauseMenu.cpp">
      <Filter>Source Files\Game\Menu\Pause</Filter>
    </ClCompile>
    <ClCompile Include="Playtest.cpp">
      <Filter>Source Files\Game\Scripting\Playtest</Filter>
    </ClCompile>
    <ClCompile Include="Ambiance.cpp">
      <Filter>Source Files\Game\Scripting\Ambiance</Filter>
    </ClCompile>
    <ClCompile Include="Cheats.cpp">
      <Filter>Source Files\Game\Scripting\Cheats</Filter>
    </ClCompile>
    <ClCompile Include="Doors.cpp">
      <Filter>Source Files\Game\Scripting\Levels\Hospital\Doors</Filter>
    </ClCompile>
    <ClCompile Include="MenuOptions.cpp">
      <Filter>Source Files\Game\Menu\Settings</Filter>
    </ClCompile>
    <ClCompile Include="Menu.cpp">
      <Filter>Source Files\Game\Menu</Filter>
    </ClCompile>
    <ClCompile Include="VictoryDefeat.cpp">
      <Filter>Source Files\Game\Scripting\Levels\Hospital\VictoryDefeat</Filter>
    </ClCompile>
  </ItemGroup>
  <ItemGroup>
    <ClInclude Include="Drawable.h">
      <Filter>Source Files\Engines\Rendering\Drawables</Filter>
    </ClInclude>
    <ClInclude Include="Triangle.h">
      <Filter>Source Files\Engines\Rendering\Drawables</Filter>
    </ClInclude>
    <ClInclude Include="Quad.h">
      <Filter>Source Files\Engines\Rendering\Drawables</Filter>
    </ClInclude>
    <ClInclude Include="Camera.h">
      <Filter>Source Files\Engines\Rendering\Visual</Filter>
    </ClInclude>
    <ClInclude Include="Vectors.h">
      <Filter>Source Files\Utils</Filter>
    </ClInclude>
    <ClInclude Include="Common.h">
      <Filter>Source Files</Filter>
    </ClInclude>
    <ClInclude Include="Keys.h">
      <Filter>Source Files\Engines\Rendering\Data</Filter>
    </ClInclude>
    <ClInclude Include="DefaultVertices.h">
      <Filter>Source Files\Engines\Rendering\Data</Filter>
    </ClInclude>
    <ClInclude Include="Shader.h">
      <Filter>Source Files\Engines\Rendering\Visual\Shader</Filter>
    </ClInclude>
    <ClInclude Include="Texture.h">
      <Filter>Source Files\Engines\Rendering\Visual\Texture</Filter>
    </ClInclude>
    <ClInclude Include="RayCasting.h">
      <Filter>Source Files\Engines\Rendering\RayCasting</Filter>
    </ClInclude>
    <ClInclude Include="Line.h">
      <Filter>Source Files\Engines\Rendering\Drawables</Filter>
    </ClInclude>
    <ClInclude Include="Window.h">
      <Filter>Source Files\Engines\Rendering\Visual</Filter>
    </ClInclude>
    <ClInclude Include="Files.h">
      <Filter>Source Files\Utils\Files</Filter>
    </ClInclude>
    <ClInclude Include="Clock.h">
      <Filter>Source Files\Utils\Clock</Filter>
    </ClInclude>
    <ClInclude Include="Scene.h">
      <Filter>Source Files\Engines\Rendering\Scene</Filter>
    </ClInclude>
    <ClInclude Include="Colors.h">
      <Filter>Source Files\Engines\Rendering\Data</Filter>
    </ClInclude>
    <ClInclude Include="..\Libs\IMGUI\imconfig.h">
      <Filter>Source Files\Libs\IMGUI</Filter>
    </ClInclude>
    <ClInclude Include="..\Libs\IMGUI\imgui.h">
      <Filter>Source Files\Libs\IMGUI</Filter>
    </ClInclude>
    <ClInclude Include="..\Libs\IMGUI\imgui_internal.h">
      <Filter>Source Files\Libs\IMGUI</Filter>
    </ClInclude>
    <ClInclude Include="..\Libs\IMGUI\imstb_rectpack.h">
      <Filter>Source Files\Libs\IMGUI</Filter>
    </ClInclude>
    <ClInclude Include="..\Libs\IMGUI\imstb_textedit.h">
      <Filter>Source Files\Libs\IMGUI</Filter>
    </ClInclude>
    <ClInclude Include="..\Libs\IMGUI\imstb_truetype.h">
      <Filter>Source Files\Libs\IMGUI</Filter>
    </ClInclude>
    <ClInclude Include="..\Libs\IMGUI\backends\imgui_impl_glfw.h">
      <Filter>Source Files\Libs\IMGUI\OpenGl</Filter>
    </ClInclude>
    <ClInclude Include="..\Libs\IMGUI\backends\imgui_impl_opengl3.h">
      <Filter>Source Files\Libs\IMGUI\OpenGl</Filter>
    </ClInclude>
    <ClInclude Include="..\Libs\IMGUI\backends\imgui_impl_opengl3_loader.h">
      <Filter>Source Files\Libs\IMGUI\OpenGl</Filter>
    </ClInclude>
    <ClInclude Include="Editor.h">
      <Filter>Source Files\Tools\UI\Editor</Filter>
    </ClInclude>
    <ClInclude Include="LightMenu.h">
      <Filter>Source Files\Tools\UI\Editor\Lights</Filter>
    </ClInclude>
    <ClInclude Include="ObjectsMenu.h">
      <Filter>Source Files\Tools\UI\Editor\Objects</Filter>
    </ClInclude>
    <ClInclude Include="Crosshair.h">
      <Filter>Source Files\Engines\Rendering\Crosshair</Filter>
    </ClInclude>
    <ClInclude Include="Maze.h">
      <Filter>Source Files\Game\Maze</Filter>
    </ClInclude>
    <ClInclude Include="Reading.h">
      <Filter>Source Files\Engines\Network\Reading</Filter>
    </ClInclude>
    <ClInclude Include="Network.h">
      <Filter>Source Files\Engines\Network</Filter>
    </ClInclude>
    <ClInclude Include="Commands.h">
      <Filter>Source Files\Utils\Commands</Filter>
    </ClInclude>
    <ClInclude Include="Logger.h">
      <Filter>Source Files\Utils\Logger</Filter>
    </ClInclude>
    <ClInclude Include="Sync.h">
      <Filter>Source Files\Game\Scripting\Sync</Filter>
    </ClInclude>
    <ClInclude Include="Peds.h">
      <Filter>Source Files\Game\Scripting\Manager\Ped</Filter>
    </ClInclude>
    <ClInclude Include="EventListing.h">
      <Filter>Source Files\Game\Scripting</Filter>
    </ClInclude>
    <ClInclude Include="Bounds.h">
      <Filter>Source Files\Engines\Physics\Bounds</Filter>
    </ClInclude>
    <ClInclude Include="Collisions.h">
      <Filter>Source Files\Engines\Physics\Collisions</Filter>
    </ClInclude>
    <ClInclude Include="Audio.h">
      <Filter>Source Files\Engines\Audio</Filter>
    </ClInclude>
    <ClInclude Include="Wav.h">
      <Filter>Source Files\Engines\Audio</Filter>
    </ClInclude>
    <ClInclude Include="Settings.h">
      <Filter>Source Files\Utils\Settings</Filter>
    </ClInclude>
    <ClInclude Include="Blocks.h">
      <Filter>Source Files\Engines\Rendering\Blocks</Filter>
    </ClInclude>
    <ClInclude Include="Set.h">
      <Filter>Source Files\Engines\Rendering\Set</Filter>
    </ClInclude>
    <ClInclude Include="SSAO.h">
      <Filter>Source Files\Engines\Rendering\Graphics components\SSAO</Filter>
    </ClInclude>
    <ClInclude Include="DeferredShading.h">
      <Filter>Source Files\Engines\Rendering\Graphics components\Deferred Shading</Filter>
    </ClInclude>
    <ClInclude Include="SidesArrows.h">
      <Filter>Source Files\Engines\Rendering\Drawables</Filter>
    </ClInclude>
    <ClInclude Include="Inventory.h">
      <Filter>Source Files\Tools\UI</Filter>
    </ClInclude>
    <ClInclude Include="Physics.h">
      <Filter>Source Files\Engines\Physics</Filter>
    </ClInclude>
    <ClInclude Include="Animation.h">
      <Filter>Source Files\Engines\Rendering\Set\Animation</Filter>
    </ClInclude>
    <ClInclude Include="Scripting.h">
      <Filter>Source Files\Game\Scripting</Filter>
    </ClInclude>
    <ClInclude Include="Player.h">
      <Filter>Source Files\Game\Scripting\Manager\Player</Filter>
    </ClInclude>
    <ClInclude Include="Skybox.h">
      <Filter>Source Files\Engines\Rendering\Graphics components\Skybox</Filter>
    </ClInclude>
    <ClInclude Include="Sprite.h">
      <Filter>Source Files\Engines\Rendering\Drawables</Filter>
    </ClInclude>
    <ClInclude Include="Tools.h">
      <Filter>Source Files\Tools</Filter>
    </ClInclude>
    <ClInclude Include="Props.h">
      <Filter>Source Files\Game\Maze</Filter>
    </ClInclude>
    <ClInclude Include="Monster.h">
      <Filter>Source Files\Game\Scripting\Manager\Monster</Filter>
    </ClInclude>
    <ClInclude Include="LoadingScreen.h">
      <Filter>Source Files\Game\Scripting\LoadingScreen</Filter>
    </ClInclude>
    <ClInclude Include="FrustumCulling.h">
      <Filter>Source Files\Engines\Rendering\Graphics components\Frustum</Filter>
    </ClInclude>
    <ClInclude Include="Lighting.h">
      <Filter>Source Files\Engines\Rendering\Visual\Lighting</Filter>
    </ClInclude>
    <ClInclude Include="MapManager.h">
      <Filter>Source Files\Game\Maze</Filter>
    </ClInclude>
    <ClInclude Include="Interaction.h">
      <Filter>Source Files\Game\Scripting\Interaction</Filter>
    </ClInclude>
    <ClInclude Include="Hospital.h">
      <Filter>Source Files\Game\Scripting\Levels\Hospital</Filter>
    </ClInclude>
    <ClInclude Include="KeyPad.h">
      <Filter>Source Files\Game\Scripting\Levels\Hospital\KeyPad</Filter>
    </ClInclude>
    <ClInclude Include="GameObject.h">
      <Filter>Source Files\Game\Scripting\Interaction\GameObject</Filter>
    </ClInclude>
    <ClInclude Include="MainMenu.h">
      <Filter>Source Files\Game\Menu\Main</Filter>
    </ClInclude>
    <ClInclude Include="PauseMenu.h">
      <Filter>Source Files\Game\Menu\Pause</Filter>
    </ClInclude>
    <ClInclude Include="Playtest.h">
      <Filter>Source Files\Game\Scripting\Playtest</Filter>
    </ClInclude>
    <ClInclude Include="Ambiance.h">
      <Filter>Source Files\Game\Scripting\Ambiance</Filter>
    </ClInclude>
    <ClInclude Include="Cheats.h">
      <Filter>Source Files\Game\Scripting\Cheats</Filter>
    </ClInclude>
    <ClInclude Include="Doors.h">
      <Filter>Source Files\Game\Scripting\Levels\Hospital\Doors</Filter>
    </ClInclude>
    <ClInclude Include="MenuOptions.h">
      <Filter>Source Files\Game\Menu\Settings</Filter>
    </ClInclude>
    <ClInclude Include="Menu.h">
      <Filter>Source Files\Game\Menu</Filter>
    </ClInclude>
    <ClInclude Include="VictoryDefeat.h">
      <Filter>Source Files\Game\Scripting\Levels\Hospital\VictoryDefeat</Filter>
    </ClInclude>
  </ItemGroup>
  <ItemGroup>
    <None Include="Arrows.h">
      <Filter>Source Files\Engines\Rendering\Drawables</Filter>
    </None>
  </ItemGroup>
</Project>